# AUTO-GENERATED by nirs4all-datasets `bootstrap`. Edit freely; set generation.managed: false to protect from regeneration.
schema_version: '2.0'
id: chembl_ir_raman_multiblock
name: ChEMBL IR Raman multiblock
description: 'ChEMBL IR Raman multiblock. v2.0 standardized NIRS package: 2 spectral
  source(s), 14 declared target(s). Auto-generated from dataset_card.json (verify
  before publication).'
domain: chembl
keywords:
- nir
- v2
- chembl
sources:
- source_id: X1
  name: IR
  instrument_name: Gaussian09 computed spectra
  modality: MIR
  axis_unit: cm-1
  axis_min: 0.0
  axis_max: 4000.0
  signal_type: auto
  n_observations: 50000
  n_variables: 512
- source_id: X2
  name: Raman
  instrument_name: Gaussian09 computed spectra
  modality: Raman
  axis_unit: cm-1
  axis_min: 0.0
  axis_max: 4000.0
  signal_type: auto
  n_observations: 50000
  n_variables: 512
variables:
- name: chembl_id
  role: target
  type: categorical
- name: compound_name
  role: target
  type: categorical
- name: molecular_formula
  role: target
  type: categorical
- name: smiles
  role: target
  type: categorical
- name: inchi
  role: target
  type: categorical
- name: inchikey
  role: target
  type: categorical
- name: compound_class
  role: target
  type: categorical
- name: band_gap
  role: target
  type: numeric
- name: dipole_moment_total
  role: target
  type: numeric
- name: isotropic_polarizability
  role: target
  type: numeric
- name: homo
  role: target
  type: numeric
- name: lumo
  role: target
  type: numeric
- name: electronic_ext
  role: target
  type: numeric
- name: heat_capacity
  role: target
  type: numeric
- name: molecule_id
  role: metadata
  type: categorical
- name: spectroscopy_type
  role: metadata
  type: categorical
- name: signal_type
  role: metadata
  type: categorical
- name: axis_unit
  role: metadata
  type: categorical
- name: axis_min
  role: metadata
  type: numeric
- name: axis_max
  role: metadata
  type: numeric
- name: n_points_original
  role: metadata
  type: numeric
- name: preprocessing_original
  role: metadata
  type: categorical
- name: data_source
  role: metadata
  type: categorical
- name: publication_doi
  role: metadata
  type: categorical
- name: citation
  role: metadata
  type: categorical
- name: license
  role: metadata
  type: categorical
- name: rights_status
  role: metadata
  type: categorical
- name: usage_scope
  role: metadata
  type: categorical
- name: notes
  role: metadata
  type: categorical
- name: sdf_name
  role: metadata
  type: categorical
- name: n_atoms
  role: metadata
  type: numeric
- name: n_modes_total
  role: metadata
  type: numeric
- name: n_modes_positive
  role: metadata
  type: numeric
- name: has_negative_freq
  role: metadata
  type: categorical
ids:
  observation_id: observation_id
  sample_id: sample_id
  sample_id_available: false
alignment_level: observation
splits:
- name: original
  kind: train_test
  documented_origin: Historical split/grouping terms are documented in metadata only
    and were not applied.
  applied: false
tier: public
versions:
  content: 1.0.0
  schema_protocol: '2.0'
provenance:
  contributor: Raman-ChEMBL Figshare
  raw_sha256: []
  ingest_reader: v2.0-standardized
  warnings: []
governance:
  license: CC-BY-4.0
  owner_steward: Raman-ChEMBL Figshare
  redistribution_rights: Rights retained from source metadata; review before public
    redistribution.
  consent_ethics_status: Not assessed (auto-generated from v2.0 package; verify before
    release).
  anonymization_status: Not assessed (auto-generated from v2.0 package; verify before
    release).
  permitted_use: Research and benchmarking.
  access_policy: Open per source license.
origin_sources:
- kind: url
  mode: raw
  locator: https://figshare.com/articles/dataset/Raman-ChEMBL-part1/28593698
  access: open
  expected_files: []
- kind: figshare
  mode: raw
  locator: 10.6084/m9.figshare.28593698.v3
  access: open
  title: figshare
  expected_files: []
- kind: figshare
  mode: raw
  locator: 10.6084/m9.figshare.28594295.v3
  access: open
  title: figshare
  expected_files: []
- kind: script
  mode: raw
  locator: source_to_standard.py
  access: manual
  title: standardization script (maintainer-only)
  expected_files: []
publications: []
dataverse:
  instance: https://entrepot.recherche.data.gouv.fr
reproducibility:
  source_accessibility: official_source_identified
  reproducibility_status: reproducible_for_internal_use
  raw_reproducibility_status: source_documented
generation:
  managed: true
  generator: bootstrap-v2
  generator_version: '1'
  source_relpath: v2.0/chembl_ir_raman_multiblock
  source_fingerprint: a58743b6232bb7b5e40e3573c89f51f9e1f092434ee16849cdd34a8250b3e75c
