# AUTO-GENERATED by nirs4all-datasets `discover`. Edit freely; set generation.managed: false to protect from regeneration.
schema_version: '1.0'
id: chembl_ir_raman_multiblock
name: ChEMBL IR Raman multiblock
version: 0.1.0
description: 'ChEMBL IR Raman multiblock. v2.0 standardized package: 14 target(s),
  2 spectral block(s). Auto-generated from dataset_card.json (verify before publication).'
domain: chembl
keywords:
- nir
- v2
- chembl
instrument:
  model: Gaussian09 computed spectra
  modality: NIR
  axis_unit: cm-1
  signal_type: auto
  acquisition_settings: {}
targets:
- name: chembl_id
  task_type: multiclass_classification
- name: compound_name
  task_type: multiclass_classification
- name: molecular_formula
  task_type: multiclass_classification
- name: smiles
  task_type: multiclass_classification
- name: inchi
  task_type: multiclass_classification
- name: inchikey
  task_type: multiclass_classification
- name: compound_class
  task_type: multiclass_classification
- name: band_gap
  task_type: regression
- name: dipole_moment_total
  task_type: regression
- name: isotropic_polarizability
  task_type: regression
- name: homo
  task_type: regression
- name: lumo
  task_type: regression
- name: electronic_ext
  task_type: regression
- name: heat_capacity
  task_type: regression
predefined_split: false
n_sources: 2
provenance:
  contributor: Raman-ChEMBL Figshare
  raw_sha256: []
  ingest_reader: tabular
  warnings: []
governance:
  license: LicenseRef-review-before-use
  visibility: restricted
  confidentiality_class: public
  owner_steward: Raman-ChEMBL Figshare
  redistribution_rights: Redistribution not cleared; verify source terms before release.
  consent_ethics_status: Not assessed (auto-generated from v2.0 package; verify before
    release).
  anonymization_status: Not assessed (auto-generated from v2.0 package; verify before
    release).
  permitted_use: Research and benchmarking.
  access_policy: Local use; not published to Dataverse.
dataverse:
  instance: https://entrepot.recherche.data.gouv.fr
sources:
- kind: url
  mode: raw
  locator: https://figshare.com/articles/dataset/Raman-ChEMBL-part1/28593698
  access: open
  expected_files: []
- kind: script
  mode: raw
  locator: source_to_standard.py
  access: manual
  title: standardization script (maintainer-only)
  expected_files: []
generation:
  managed: true
  generator: discover-v2
  generator_version: '2'
  source_relpath: v2.0/chembl_ir_raman_multiblock
  source_fingerprint: a58743b6232bb7b5e40e3573c89f51f9e1f092434ee16849cdd34a8250b3e75c
